
Microsoft Visual Studio Solution File, Format Version 12.00
# Visual Studio Version 17
VisualStudioVersion = 17.5.33516.290
MinimumVisualStudioVersion = 10.0.40219.1
Project("{FAE04EC0-301F-11D3-BF4B-00C04F79EFBC}") = "ExtensionMethods", "ExtensionMethods\ExtensionMethods.csproj", "{F82C5E49-D579-4DDB-A84F-DE8BEAB08D7B}"
EndProject
Project("{FAE04EC0-301F-11D3-BF4B-00C04F79EFBC}") = "varKeywords", "varKeywords\varKeywords.csproj", "{460DB136-1F45-4263-A83A-7D9BF3B0DB1A}"
EndProject
Global
	GlobalSection(SolutionConfigurationPlatforms) = preSolution
		Debug|Any CPU = Debug|Any CPU
		Release|Any CPU = Release|Any CPU
	EndGlobalSection
	GlobalSection(ProjectConfigurationPlatforms) = postSolution
		{F82C5E49-D579-4DDB-A84F-DE8BEAB08D7B}.Debug|Any CPU.ActiveCfg = Debug|Any CPU
		{F82C5E49-D579-4DDB-A84F-DE8BEAB08D7B}.Debug|Any CPU.Build.0 = Debug|Any CPU
		{F82C5E49-D579-4DDB-A84F-DE8BEAB08D7B}.Release|Any CPU.ActiveCfg = Release|Any CPU
		{F82C5E49-D579-4DDB-A84F-DE8BEAB08D7B}.Release|Any CPU.Build.0 = Release|Any CPU
		{460DB136-1F45-4263-A83A-7D9BF3B0DB1A}.Debug|Any CPU.ActiveCfg = Debug|Any CPU
		{460DB136-1F45-4263-A83A-7D9BF3B0DB1A}.Debug|Any CPU.Build.0 = Debug|Any CPU
		{460DB136-1F45-4263-A83A-7D9BF3B0DB1A}.Release|Any CPU.ActiveCfg = Release|Any CPU
		{460DB136-1F45-4263-A83A-7D9BF3B0DB1A}.Release|Any CPU.Build.0 = Release|Any CPU
	EndGlobalSection
	GlobalSection(SolutionProperties) = preSolution
		HideSolutionNode = FALSE
	EndGlobalSection
	GlobalSection(ExtensibilityGlobals) = postSolution
		SolutionGuid = {1F41081A-6216-48F2-9A17-3BF2F9C90BF1}
	EndGlobalSection
EndGlobal
