
Microsoft Visual Studio Solution File, Format Version 12.00
# Visual Studio Version 17
VisualStudioVersion = 17.5.33516.290
MinimumVisualStudioVersion = 10.0.40219.1
Project("{FAE04EC0-301F-11D3-BF4B-00C04F79EFBC}") = "DynamicAND-DLR", "DynamicAND-DLR\DynamicAND-DLR.csproj", "{E7577D65-3606-47FF-9607-7A9A97CAB5E5}"
EndProject
Project("{FAE04EC0-301F-11D3-BF4B-00C04F79EFBC}") = "DynamicLanguageRuntime", "DynamicLanguageRuntime\DynamicLanguageRuntime.csproj", "{A432C996-C09A-4CFF-8D1B-558C7D576717}"
EndProject
Global
	GlobalSection(SolutionConfigurationPlatforms) = preSolution
		Debug|Any CPU = Debug|Any CPU
		Release|Any CPU = Release|Any CPU
	EndGlobalSection
	GlobalSection(ProjectConfigurationPlatforms) = postSolution
		{E7577D65-3606-47FF-9607-7A9A97CAB5E5}.Debug|Any CPU.ActiveCfg = Debug|Any CPU
		{E7577D65-3606-47FF-9607-7A9A97CAB5E5}.Debug|Any CPU.Build.0 = Debug|Any CPU
		{E7577D65-3606-47FF-9607-7A9A97CAB5E5}.Release|Any CPU.ActiveCfg = Release|Any CPU
		{E7577D65-3606-47FF-9607-7A9A97CAB5E5}.Release|Any CPU.Build.0 = Release|Any CPU
		{A432C996-C09A-4CFF-8D1B-558C7D576717}.Debug|Any CPU.ActiveCfg = Debug|Any CPU
		{A432C996-C09A-4CFF-8D1B-558C7D576717}.Debug|Any CPU.Build.0 = Debug|Any CPU
		{A432C996-C09A-4CFF-8D1B-558C7D576717}.Release|Any CPU.ActiveCfg = Release|Any CPU
		{A432C996-C09A-4CFF-8D1B-558C7D576717}.Release|Any CPU.Build.0 = Release|Any CPU
	EndGlobalSection
	GlobalSection(SolutionProperties) = preSolution
		HideSolutionNode = FALSE
	EndGlobalSection
	GlobalSection(ExtensibilityGlobals) = postSolution
		SolutionGuid = {506ADDD5-F360-4690-9D5E-E5CD0E4628C1}
	EndGlobalSection
EndGlobal
